
Microsoft Visual Studio Solution File, Format Version 12.00
# Visual Studio Version 17
VisualStudioVersion = 17.3.32922.545
MinimumVisualStudioVersion = 10.0.40219.1
Project("{FAE04EC0-301F-11D3-BF4B-00C04F79EFBC}") = "PracticeProblems", "PracticeProblems\PracticeProblems.csproj", "{E63A4CB5-588E-4FD3-806C-EDA56F3DEE83}"
EndProject
Global
	GlobalSection(SolutionConfigurationPlatforms) = preSolution
		Debug|Any CPU = Debug|Any CPU
		Release|Any CPU = Release|Any CPU
	EndGlobalSection
	GlobalSection(ProjectConfigurationPlatforms) = postSolution
		{E63A4CB5-588E-4FD3-806C-EDA56F3DEE83}.Debug|Any CPU.ActiveCfg = Debug|Any CPU
		{E63A4CB5-588E-4FD3-806C-EDA56F3DEE83}.Debug|Any CPU.Build.0 = Debug|Any CPU
		{E63A4CB5-588E-4FD3-806C-EDA56F3DEE83}.Release|Any CPU.ActiveCfg = Release|Any CPU
		{E63A4CB5-588E-4FD3-806C-EDA56F3DEE83}.Release|Any CPU.Build.0 = Release|Any CPU
	EndGlobalSection
	GlobalSection(SolutionProperties) = preSolution
		HideSolutionNode = FALSE
	EndGlobalSection
	GlobalSection(ExtensibilityGlobals) = postSolution
		SolutionGuid = {0A91D6A7-07AD-4AD4-9B2F-C673FBD2711A}
	EndGlobalSection
EndGlobal
